hash: f9f1d820fc33b6286585d8d8a03e34b87d0e27a56faac10179bfbd5ececff1c8
updated: 2017-08-03T11:12:21.943976+08:00
imports:
- name: github.com/echo-contrib/echopprof
  version: 9ee26162450e60ce711e1e02595a638d99084bbe
- name: github.com/labstack/echo
  version: f8c3008787c31a3542b2f8143a1480bc978c28ea
- name: github.com/labstack/gommon
  version: 779b8a8b9850a97acba6a3fe20feb628c39e17c1
  subpackages:
  - color
  - log
- name: github.com/mattn/go-colorable
  version: 6c0fd4aa6ec5818d5e3ea9e03ae436972a6c5a9a
- name: github.com/mattn/go-isatty
  version: fc9e8d8ef48496124e79ae0df75490096eccf6fe
- name: github.com/valyala/bytebufferpool
  version: e746df99fe4a3986f4d4f79e13c1e0117ce9c2f7
- name: github.com/valyala/fasttemplate
  version: dcecefd839c4193db0d35b88ec65b4c12d360ab0
- name: golang.org/x/crypto
  version: 558b6879de74bc843225cde5686419267ff707ca
  subpackages:
  - acme
  - acme/autocert
- name: golang.org/x/sys
  version: b892924b68aa53038e8a55b255ee0d8391e8eec5
  subpackages:
  - unix
testImports: []
